
Microsoft Visual Studio Solution File, Format Version 12.00
# Visual Studio Version 16
VisualStudioVersion = 16.0.30717.126
MinimumVisualStudioVersion = 10.0.40219.1
Project("{FAE04EC0-301F-11D3-BF4B-00C04F79EFBC}") = "ExercisesImages.UWP", "ExercisesImages\ExercisesImages.UWP\ExercisesImages.UWP.csproj", "{1A46DE83-9F5A-4979-ADFD-A61C6B140B9E}"
EndProject
Project("{FAE04EC0-301F-11D3-BF4B-00C04F79EFBC}") = "ExercisesImages.Android", "ExercisesImages\ExercisesImages.Android\ExercisesImages.Android.csproj", "{A3365AE4-DD61-479B-A0BD-885E6B1E2A7E}"
EndProject
Project("{FAE04EC0-301F-11D3-BF4B-00C04F79EFBC}") = "ExercisesImages.iOS", "ExercisesImages\ExercisesImages.iOS\ExercisesImages.iOS.csproj", "{2BACC31A-37E1-4EDA-B985-D7F44FC6CC5C}"
EndProject
Project("{FAE04EC0-301F-11D3-BF4B-00C04F79EFBC}") = "ExercisesImages", "ExercisesImages\ExercisesImages\ExercisesImages.csproj", "{48D737AF-7B94-4535-80E9-B383C4BA87E3}"
EndProject
Global
	GlobalSection(SolutionConfigurationPlatforms) = preSolution
		Debug|Any CPU = Debug|Any CPU
		Debug|ARM = Debug|ARM
		Debug|iPhone = Debug|iPhone
		Debug|iPhoneSimulator = Debug|iPhoneSimulator
		Debug|x64 = Debug|x64
		Debug|x86 = Debug|x86
		Release|Any CPU = Release|Any CPU
		Release|ARM = Release|ARM
		Release|iPhone = Release|iPhone
		Release|iPhoneSimulator = Release|iPhoneSimulator
		Release|x64 = Release|x64
		Release|x86 = Release|x86
	EndGlobalSection
	GlobalSection(ProjectConfigurationPlatforms) = postSolution
		{1A46DE83-9F5A-4979-ADFD-A61C6B140B9E}.Debug|Any CPU.ActiveCfg = Debug|x86
		{1A46DE83-9F5A-4979-ADFD-A61C6B140B9E}.Debug|Any CPU.Build.0 = Debug|x86
		{1A46DE83-9F5A-4979-ADFD-A61C6B140B9E}.Debug|Any CPU.Deploy.0 = Debug|x86
		{1A46DE83-9F5A-4979-ADFD-A61C6B140B9E}.Debug|ARM.ActiveCfg = Debug|ARM
		{1A46DE83-9F5A-4979-ADFD-A61C6B140B9E}.Debug|ARM.Build.0 = Debug|ARM
		{1A46DE83-9F5A-4979-ADFD-A61C6B140B9E}.Debug|ARM.Deploy.0 = Debug|ARM
		{1A46DE83-9F5A-4979-ADFD-A61C6B140B9E}.Debug|iPhone.ActiveCfg = Debug|x86
		{1A46DE83-9F5A-4979-ADFD-A61C6B140B9E}.Debug|iPhone.Build.0 = Debug|x86
		{1A46DE83-9F5A-4979-ADFD-A61C6B140B9E}.Debug|iPhone.Deploy.0 = Debug|x86
		{1A46DE83-9F5A-4979-ADFD-A61C6B140B9E}.Debug|iPhoneSimulator.ActiveCfg = Debug|x86
		{1A46DE83-9F5A-4979-ADFD-A61C6B140B9E}.Debug|iPhoneSimulator.Build.0 = Debug|x86
		{1A46DE83-9F5A-4979-ADFD-A61C6B140B9E}.Debug|iPhoneSimulator.Deploy.0 = Debug|x86
		{1A46DE83-9F5A-4979-ADFD-A61C6B140B9E}.Debug|x64.ActiveCfg = Debug|x64
		{1A46DE83-9F5A-4979-ADFD-A61C6B140B9E}.Debug|x64.Build.0 = Debug|x64
		{1A46DE83-9F5A-4979-ADFD-A61C6B140B9E}.Debug|x64.Deploy.0 = Debug|x64
		{1A46DE83-9F5A-4979-ADFD-A61C6B140B9E}.Debug|x86.ActiveCfg = Debug|x86
		{1A46DE83-9F5A-4979-ADFD-A61C6B140B9E}.Debug|x86.Build.0 = Debug|x86
		{1A46DE83-9F5A-4979-ADFD-A61C6B140B9E}.Debug|x86.Deploy.0 = Debug|x86
		{1A46DE83-9F5A-4979-ADFD-A61C6B140B9E}.Release|Any CPU.ActiveCfg = Release|x86
		{1A46DE83-9F5A-4979-ADFD-A61C6B140B9E}.Release|Any CPU.Build.0 = Release|x86
		{1A46DE83-9F5A-4979-ADFD-A61C6B140B9E}.Release|Any CPU.Deploy.0 = Release|x86
		{1A46DE83-9F5A-4979-ADFD-A61C6B140B9E}.Release|ARM.ActiveCfg = Release|ARM
		{1A46DE83-9F5A-4979-ADFD-A61C6B140B9E}.Release|ARM.Build.0 = Release|ARM
		{1A46DE83-9F5A-4979-ADFD-A61C6B140B9E}.Release|ARM.Deploy.0 = Release|ARM
		{1A46DE83-9F5A-4979-ADFD-A61C6B140B9E}.Release|iPhone.ActiveCfg = Release|x86
		{1A46DE83-9F5A-4979-ADFD-A61C6B140B9E}.Release|iPhone.Build.0 = Release|x86
		{1A46DE83-9F5A-4979-ADFD-A61C6B140B9E}.Release|iPhone.Deploy.0 = Release|x86
		{1A46DE83-9F5A-4979-ADFD-A61C6B140B9E}.Release|iPhoneSimulator.ActiveCfg = Release|x86
		{1A46DE83-9F5A-4979-ADFD-A61C6B140B9E}.Release|iPhoneSimulator.Build.0 = Release|x86
		{1A46DE83-9F5A-4979-ADFD-A61C6B140B9E}.Release|iPhoneSimulator.Deploy.0 = Release|x86
		{1A46DE83-9F5A-4979-ADFD-A61C6B140B9E}.Release|x64.ActiveCfg = Release|x64
		{1A46DE83-9F5A-4979-ADFD-A61C6B140B9E}.Release|x64.Build.0 = Release|x64
		{1A46DE83-9F5A-4979-ADFD-A61C6B140B9E}.Release|x64.Deploy.0 = Release|x64
		{1A46DE83-9F5A-4979-ADFD-A61C6B140B9E}.Release|x86.ActiveCfg = Release|x86
		{1A46DE83-9F5A-4979-ADFD-A61C6B140B9E}.Release|x86.Build.0 = Release|x86
		{1A46DE83-9F5A-4979-ADFD-A61C6B140B9E}.Release|x86.Deploy.0 = Release|x86
		{A3365AE4-DD61-479B-A0BD-885E6B1E2A7E}.Debug|Any CPU.ActiveCfg = Debug|Any CPU
		{A3365AE4-DD61-479B-A0BD-885E6B1E2A7E}.Debug|Any CPU.Build.0 = Debug|Any CPU
		{A3365AE4-DD61-479B-A0BD-885E6B1E2A7E}.Debug|Any CPU.Deploy.0 = Debug|Any CPU
		{A3365AE4-DD61-479B-A0BD-885E6B1E2A7E}.Debug|ARM.ActiveCfg = Debug|Any CPU
		{A3365AE4-DD61-479B-A0BD-885E6B1E2A7E}.Debug|ARM.Build.0 = Debug|Any CPU
		{A3365AE4-DD61-479B-A0BD-885E6B1E2A7E}.Debug|ARM.Deploy.0 = Debug|Any CPU
		{A3365AE4-DD61-479B-A0BD-885E6B1E2A7E}.Debug|iPhone.ActiveCfg = Debug|Any CPU
		{A3365AE4-DD61-479B-A0BD-885E6B1E2A7E}.Debug|iPhone.Build.0 = Debug|Any CPU
		{A3365AE4-DD61-479B-A0BD-885E6B1E2A7E}.Debug|iPhone.Deploy.0 = Debug|Any CPU
		{A3365AE4-DD61-479B-A0BD-885E6B1E2A7E}.Debug|iPhoneSimulator.ActiveCfg = Debug|Any CPU
		{A3365AE4-DD61-479B-A0BD-885E6B1E2A7E}.Debug|iPhoneSimulator.Build.0 = Debug|Any CPU
		{A3365AE4-DD61-479B-A0BD-885E6B1E2A7E}.Debug|iPhoneSimulator.Deploy.0 = Debug|Any CPU
		{A3365AE4-DD61-479B-A0BD-885E6B1E2A7E}.Debug|x64.ActiveCfg = Debug|Any CPU
		{A3365AE4-DD61-479B-A0BD-885E6B1E2A7E}.Debug|x64.Build.0 = Debug|Any CPU
		{A3365AE4-DD61-479B-A0BD-885E6B1E2A7E}.Debug|x64.Deploy.0 = Debug|Any CPU
		{A3365AE4-DD61-479B-A0BD-885E6B1E2A7E}.Debug|x86.ActiveCfg = Debug|Any CPU
		{A3365AE4-DD61-479B-A0BD-885E6B1E2A7E}.Debug|x86.Build.0 = Debug|Any CPU
		{A3365AE4-DD61-479B-A0BD-885E6B1E2A7E}.Debug|x86.Deploy.0 = Debug|Any CPU
		{A3365AE4-DD61-479B-A0BD-885E6B1E2A7E}.Release|Any CPU.ActiveCfg = Release|Any CPU
		{A3365AE4-DD61-479B-A0BD-885E6B1E2A7E}.Release|Any CPU.Build.0 = Release|Any CPU
		{A3365AE4-DD61-479B-A0BD-885E6B1E2A7E}.Release|Any CPU.Deploy.0 = Release|Any CPU
		{A3365AE4-DD61-479B-A0BD-885E6B1E2A7E}.Release|ARM.ActiveCfg = Release|Any CPU
		{A3365AE4-DD61-479B-A0BD-885E6B1E2A7E}.Release|ARM.Build.0 = Release|Any CPU
		{A3365AE4-DD61-479B-A0BD-885E6B1E2A7E}.Release|ARM.Deploy.0 = Release|Any CPU
		{A3365AE4-DD61-479B-A0BD-885E6B1E2A7E}.Release|iPhone.ActiveCfg = Release|Any CPU
		{A3365AE4-DD61-479B-A0BD-885E6B1E2A7E}.Release|iPhone.Build.0 = Release|Any CPU
		{A3365AE4-DD61-479B-A0BD-885E6B1E2A7E}.Release|iPhone.Deploy.0 = Release|Any CPU
		{A3365AE4-DD61-479B-A0BD-885E6B1E2A7E}.Release|iPhoneSimulator.ActiveCfg = Release|Any CPU
		{A3365AE4-DD61-479B-A0BD-885E6B1E2A7E}.Release|iPhoneSimulator.Build.0 = Release|Any CPU
		{A3365AE4-DD61-479B-A0BD-885E6B1E2A7E}.Release|iPhoneSimulator.Deploy.0 = Release|Any CPU
		{A3365AE4-DD61-479B-A0BD-885E6B1E2A7E}.Release|x64.ActiveCfg = Release|Any CPU
		{A3365AE4-DD61-479B-A0BD-885E6B1E2A7E}.Release|x64.Build.0 = Release|Any CPU
		{A3365AE4-DD61-479B-A0BD-885E6B1E2A7E}.Release|x64.Deploy.0 = Release|Any CPU
		{A3365AE4-DD61-479B-A0BD-885E6B1E2A7E}.Release|x86.ActiveCfg = Release|Any CPU
		{A3365AE4-DD61-479B-A0BD-885E6B1E2A7E}.Release|x86.Build.0 = Release|Any CPU
		{A3365AE4-DD61-479B-A0BD-885E6B1E2A7E}.Release|x86.Deploy.0 = Release|Any CPU
		{2BACC31A-37E1-4EDA-B985-D7F44FC6CC5C}.Debug|Any CPU.ActiveCfg = Debug|iPhoneSimulator
		{2BACC31A-37E1-4EDA-B985-D7F44FC6CC5C}.Debug|Any CPU.Build.0 = Debug|iPhoneSimulator
		{2BACC31A-37E1-4EDA-B985-D7F44FC6CC5C}.Debug|Any CPU.Deploy.0 = Debug|iPhoneSimulator
		{2BACC31A-37E1-4EDA-B985-D7F44FC6CC5C}.Debug|ARM.ActiveCfg = Debug|iPhone
		{2BACC31A-37E1-4EDA-B985-D7F44FC6CC5C}.Debug|ARM.Build.0 = Debug|iPhone
		{2BACC31A-37E1-4EDA-B985-D7F44FC6CC5C}.Debug|ARM.Deploy.0 = Debug|iPhone
		{2BACC31A-37E1-4EDA-B985-D7F44FC6CC5C}.Debug|iPhone.ActiveCfg = Debug|iPhone
		{2BACC31A-37E1-4EDA-B985-D7F44FC6CC5C}.Debug|iPhone.Build.0 = Debug|iPhone
		{2BACC31A-37E1-4EDA-B985-D7F44FC6CC5C}.Debug|iPhone.Deploy.0 = Debug|iPhone
		{2BACC31A-37E1-4EDA-B985-D7F44FC6CC5C}.Debug|iPhoneSimulator.ActiveCfg = Debug|iPhoneSimulator
		{2BACC31A-37E1-4EDA-B985-D7F44FC6CC5C}.Debug|iPhoneSimulator.Build.0 = Debug|iPhoneSimulator
		{2BACC31A-37E1-4EDA-B985-D7F44FC6CC5C}.Debug|iPhoneSimulator.Deploy.0 = Debug|iPhoneSimulator
		{2BACC31A-37E1-4EDA-B985-D7F44FC6CC5C}.Debug|x64.ActiveCfg = Debug|iPhoneSimulator
		{2BACC31A-37E1-4EDA-B985-D7F44FC6CC5C}.Debug|x64.Build.0 = Debug|iPhoneSimulator
		{2BACC31A-37E1-4EDA-B985-D7F44FC6CC5C}.Debug|x64.Deploy.0 = Debug|iPhoneSimulator
		{2BACC31A-37E1-4EDA-B985-D7F44FC6CC5C}.Debug|x86.ActiveCfg = Debug|iPhoneSimulator
		{2BACC31A-37E1-4EDA-B985-D7F44FC6CC5C}.Debug|x86.Build.0 = Debug|iPhoneSimulator
		{2BACC31A-37E1-4EDA-B985-D7F44FC6CC5C}.Debug|x86.Deploy.0 = Debug|iPhoneSimulator
		{2BACC31A-37E1-4EDA-B985-D7F44FC6CC5C}.Release|Any CPU.ActiveCfg = Release|iPhoneSimulator
		{2BACC31A-37E1-4EDA-B985-D7F44FC6CC5C}.Release|Any CPU.Build.0 = Release|iPhoneSimulator
		{2BACC31A-37E1-4EDA-B985-D7F44FC6CC5C}.Release|Any CPU.Deploy.0 = Release|iPhoneSimulator
		{2BACC31A-37E1-4EDA-B985-D7F44FC6CC5C}.Release|ARM.ActiveCfg = Release|iPhoneSimulator
		{2BACC31A-37E1-4EDA-B985-D7F44FC6CC5C}.Release|ARM.Build.0 = Release|iPhoneSimulator
		{2BACC31A-37E1-4EDA-B985-D7F44FC6CC5C}.Release|ARM.Deploy.0 = Release|iPhoneSimulator
		{2BACC31A-37E1-4EDA-B985-D7F44FC6CC5C}.Release|iPhone.ActiveCfg = Release|iPhone
		{2BACC31A-37E1-4EDA-B985-D7F44FC6CC5C}.Release|iPhone.Build.0 = Release|iPhone
		{2BACC31A-37E1-4EDA-B985-D7F44FC6CC5C}.Release|iPhone.Deploy.0 = Release|iPhone
		{2BACC31A-37E1-4EDA-B985-D7F44FC6CC5C}.Release|iPhoneSimulator.ActiveCfg = Release|iPhoneSimulator
		{2BACC31A-37E1-4EDA-B985-D7F44FC6CC5C}.Release|iPhoneSimulator.Build.0 = Release|iPhoneSimulator
		{2BACC31A-37E1-4EDA-B985-D7F44FC6CC5C}.Release|iPhoneSimulator.Deploy.0 = Release|iPhoneSimulator
		{2BACC31A-37E1-4EDA-B985-D7F44FC6CC5C}.Release|x64.ActiveCfg = Release|iPhoneSimulator
		{2BACC31A-37E1-4EDA-B985-D7F44FC6CC5C}.Release|x64.Build.0 = Release|iPhoneSimulator
		{2BACC31A-37E1-4EDA-B985-D7F44FC6CC5C}.Release|x64.Deploy.0 = Release|iPhoneSimulator
		{2BACC31A-37E1-4EDA-B985-D7F44FC6CC5C}.Release|x86.ActiveCfg = Release|iPhoneSimulator
		{2BACC31A-37E1-4EDA-B985-D7F44FC6CC5C}.Release|x86.Build.0 = Release|iPhoneSimulator
		{2BACC31A-37E1-4EDA-B985-D7F44FC6CC5C}.Release|x86.Deploy.0 = Release|iPhoneSimulator
		{48D737AF-7B94-4535-80E9-B383C4BA87E3}.Debug|Any CPU.ActiveCfg = Debug|Any CPU
		{48D737AF-7B94-4535-80E9-B383C4BA87E3}.Debug|Any CPU.Build.0 = Debug|Any CPU
		{48D737AF-7B94-4535-80E9-B383C4BA87E3}.Debug|Any CPU.Deploy.0 = Debug|Any CPU
		{48D737AF-7B94-4535-80E9-B383C4BA87E3}.Debug|ARM.ActiveCfg = Debug|Any CPU
		{48D737AF-7B94-4535-80E9-B383C4BA87E3}.Debug|ARM.Build.0 = Debug|Any CPU
		{48D737AF-7B94-4535-80E9-B383C4BA87E3}.Debug|ARM.Deploy.0 = Debug|Any CPU
		{48D737AF-7B94-4535-80E9-B383C4BA87E3}.Debug|iPhone.ActiveCfg = Debug|Any CPU
		{48D737AF-7B94-4535-80E9-B383C4BA87E3}.Debug|iPhone.Build.0 = Debug|Any CPU
		{48D737AF-7B94-4535-80E9-B383C4BA87E3}.Debug|iPhone.Deploy.0 = Debug|Any CPU
		{48D737AF-7B94-4535-80E9-B383C4BA87E3}.Debug|iPhoneSimulator.ActiveCfg = Debug|Any CPU
		{48D737AF-7B94-4535-80E9-B383C4BA87E3}.Debug|iPhoneSimulator.Build.0 = Debug|Any CPU
		{48D737AF-7B94-4535-80E9-B383C4BA87E3}.Debug|iPhoneSimulator.Deploy.0 = Debug|Any CPU
		{48D737AF-7B94-4535-80E9-B383C4BA87E3}.Debug|x64.ActiveCfg = Debug|Any CPU
		{48D737AF-7B94-4535-80E9-B383C4BA87E3}.Debug|x64.Build.0 = Debug|Any CPU
		{48D737AF-7B94-4535-80E9-B383C4BA87E3}.Debug|x64.Deploy.0 = Debug|Any CPU
		{48D737AF-7B94-4535-80E9-B383C4BA87E3}.Debug|x86.ActiveCfg = Debug|Any CPU
		{48D737AF-7B94-4535-80E9-B383C4BA87E3}.Debug|x86.Build.0 = Debug|Any CPU
		{48D737AF-7B94-4535-80E9-B383C4BA87E3}.Debug|x86.Deploy.0 = Debug|Any CPU
		{48D737AF-7B94-4535-80E9-B383C4BA87E3}.Release|Any CPU.ActiveCfg = Release|Any CPU
		{48D737AF-7B94-4535-80E9-B383C4BA87E3}.Release|Any CPU.Build.0 = Release|Any CPU
		{48D737AF-7B94-4535-80E9-B383C4BA87E3}.Release|Any CPU.Deploy.0 = Release|Any CPU
		{48D737AF-7B94-4535-80E9-B383C4BA87E3}.Release|ARM.ActiveCfg = Release|Any CPU
		{48D737AF-7B94-4535-80E9-B383C4BA87E3}.Release|ARM.Build.0 = Release|Any CPU
		{48D737AF-7B94-4535-80E9-B383C4BA87E3}.Release|ARM.Deploy.0 = Release|Any CPU
		{48D737AF-7B94-4535-80E9-B383C4BA87E3}.Release|iPhone.ActiveCfg = Release|Any CPU
		{48D737AF-7B94-4535-80E9-B383C4BA87E3}.Release|iPhone.Build.0 = Release|Any CPU
		{48D737AF-7B94-4535-80E9-B383C4BA87E3}.Release|iPhone.Deploy.0 = Release|Any CPU
		{48D737AF-7B94-4535-80E9-B383C4BA87E3}.Release|iPhoneSimulator.ActiveCfg = Release|Any CPU
		{48D737AF-7B94-4535-80E9-B383C4BA87E3}.Release|iPhoneSimulator.Build.0 = Release|Any CPU
		{48D737AF-7B94-4535-80E9-B383C4BA87E3}.Release|iPhoneSimulator.Deploy.0 = Release|Any CPU
		{48D737AF-7B94-4535-80E9-B383C4BA87E3}.Release|x64.ActiveCfg = Release|Any CPU
		{48D737AF-7B94-4535-80E9-B383C4BA87E3}.Release|x64.Build.0 = Release|Any CPU
		{48D737AF-7B94-4535-80E9-B383C4BA87E3}.Release|x64.Deploy.0 = Release|Any CPU
		{48D737AF-7B94-4535-80E9-B383C4BA87E3}.Release|x86.ActiveCfg = Release|Any CPU
		{48D737AF-7B94-4535-80E9-B383C4BA87E3}.Release|x86.Build.0 = Release|Any CPU
		{48D737AF-7B94-4535-80E9-B383C4BA87E3}.Release|x86.Deploy.0 = Release|Any CPU
	EndGlobalSection
	GlobalSection(SolutionProperties) = preSolution
		HideSolutionNode = FALSE
	EndGlobalSection
	GlobalSection(ExtensibilityGlobals) = postSolution
		SolutionGuid = {C3D3DCC7-ECD6-4AB8-B8F4-19839C9A4A4A}
	EndGlobalSection
EndGlobal
