
Microsoft Visual Studio Solution File, Format Version 12.00
# Visual Studio Version 16
VisualStudioVersion = 16.0.30717.126
MinimumVisualStudioVersion = 10.0.40219.1
Project("{FAE04EC0-301F-11D3-BF4B-00C04F79EFBC}") = "ExercisesAbsoluteLayout1and2.UWP", "ExercisesAbsoluteLayout1and2\ExercisesAbsoluteLayout1and2.UWP\ExercisesAbsoluteLayout1and2.UWP.csproj", "{E5DFDE63-B34C-49B4-8D6B-A60D07DECD0C}"
EndProject
Project("{FAE04EC0-301F-11D3-BF4B-00C04F79EFBC}") = "ExercisesAbsoluteLayout1and2.Android", "ExercisesAbsoluteLayout1and2\ExercisesAbsoluteLayout1and2.Android\ExercisesAbsoluteLayout1and2.Android.csproj", "{FD79F710-FA38-409F-B73F-7D1708892FFC}"
EndProject
Project("{FAE04EC0-301F-11D3-BF4B-00C04F79EFBC}") = "ExercisesAbsoluteLayout1and2.iOS", "ExercisesAbsoluteLayout1and2\ExercisesAbsoluteLayout1and2.iOS\ExercisesAbsoluteLayout1and2.iOS.csproj", "{92EA2711-EB6D-41FF-9344-3DEC897DBF72}"
EndProject
Project("{FAE04EC0-301F-11D3-BF4B-00C04F79EFBC}") = "ExercisesAbsoluteLayout1and2", "ExercisesAbsoluteLayout1and2\ExercisesAbsoluteLayout1and2\ExercisesAbsoluteLayout1and2.csproj", "{69BB7E7A-22FF-4CD4-B804-636AFA43F89C}"
EndProject
Global
	GlobalSection(SolutionConfigurationPlatforms) = preSolution
		Debug|Any CPU = Debug|Any CPU
		Debug|ARM = Debug|ARM
		Debug|iPhone = Debug|iPhone
		Debug|iPhoneSimulator = Debug|iPhoneSimulator
		Debug|x64 = Debug|x64
		Debug|x86 = Debug|x86
		Release|Any CPU = Release|Any CPU
		Release|ARM = Release|ARM
		Release|iPhone = Release|iPhone
		Release|iPhoneSimulator = Release|iPhoneSimulator
		Release|x64 = Release|x64
		Release|x86 = Release|x86
	EndGlobalSection
	GlobalSection(ProjectConfigurationPlatforms) = postSolution
		{E5DFDE63-B34C-49B4-8D6B-A60D07DECD0C}.Debug|Any CPU.ActiveCfg = Debug|x86
		{E5DFDE63-B34C-49B4-8D6B-A60D07DECD0C}.Debug|Any CPU.Build.0 = Debug|x86
		{E5DFDE63-B34C-49B4-8D6B-A60D07DECD0C}.Debug|Any CPU.Deploy.0 = Debug|x86
		{E5DFDE63-B34C-49B4-8D6B-A60D07DECD0C}.Debug|ARM.ActiveCfg = Debug|ARM
		{E5DFDE63-B34C-49B4-8D6B-A60D07DECD0C}.Debug|ARM.Build.0 = Debug|ARM
		{E5DFDE63-B34C-49B4-8D6B-A60D07DECD0C}.Debug|ARM.Deploy.0 = Debug|ARM
		{E5DFDE63-B34C-49B4-8D6B-A60D07DECD0C}.Debug|iPhone.ActiveCfg = Debug|x86
		{E5DFDE63-B34C-49B4-8D6B-A60D07DECD0C}.Debug|iPhone.Build.0 = Debug|x86
		{E5DFDE63-B34C-49B4-8D6B-A60D07DECD0C}.Debug|iPhone.Deploy.0 = Debug|x86
		{E5DFDE63-B34C-49B4-8D6B-A60D07DECD0C}.Debug|iPhoneSimulator.ActiveCfg = Debug|x86
		{E5DFDE63-B34C-49B4-8D6B-A60D07DECD0C}.Debug|iPhoneSimulator.Build.0 = Debug|x86
		{E5DFDE63-B34C-49B4-8D6B-A60D07DECD0C}.Debug|iPhoneSimulator.Deploy.0 = Debug|x86
		{E5DFDE63-B34C-49B4-8D6B-A60D07DECD0C}.Debug|x64.ActiveCfg = Debug|x64
		{E5DFDE63-B34C-49B4-8D6B-A60D07DECD0C}.Debug|x64.Build.0 = Debug|x64
		{E5DFDE63-B34C-49B4-8D6B-A60D07DECD0C}.Debug|x64.Deploy.0 = Debug|x64
		{E5DFDE63-B34C-49B4-8D6B-A60D07DECD0C}.Debug|x86.ActiveCfg = Debug|x86
		{E5DFDE63-B34C-49B4-8D6B-A60D07DECD0C}.Debug|x86.Build.0 = Debug|x86
		{E5DFDE63-B34C-49B4-8D6B-A60D07DECD0C}.Debug|x86.Deploy.0 = Debug|x86
		{E5DFDE63-B34C-49B4-8D6B-A60D07DECD0C}.Release|Any CPU.ActiveCfg = Release|x86
		{E5DFDE63-B34C-49B4-8D6B-A60D07DECD0C}.Release|Any CPU.Build.0 = Release|x86
		{E5DFDE63-B34C-49B4-8D6B-A60D07DECD0C}.Release|Any CPU.Deploy.0 = Release|x86
		{E5DFDE63-B34C-49B4-8D6B-A60D07DECD0C}.Release|ARM.ActiveCfg = Release|ARM
		{E5DFDE63-B34C-49B4-8D6B-A60D07DECD0C}.Release|ARM.Build.0 = Release|ARM
		{E5DFDE63-B34C-49B4-8D6B-A60D07DECD0C}.Release|ARM.Deploy.0 = Release|ARM
		{E5DFDE63-B34C-49B4-8D6B-A60D07DECD0C}.Release|iPhone.ActiveCfg = Release|x86
		{E5DFDE63-B34C-49B4-8D6B-A60D07DECD0C}.Release|iPhone.Build.0 = Release|x86
		{E5DFDE63-B34C-49B4-8D6B-A60D07DECD0C}.Release|iPhone.Deploy.0 = Release|x86
		{E5DFDE63-B34C-49B4-8D6B-A60D07DECD0C}.Release|iPhoneSimulator.ActiveCfg = Release|x86
		{E5DFDE63-B34C-49B4-8D6B-A60D07DECD0C}.Release|iPhoneSimulator.Build.0 = Release|x86
		{E5DFDE63-B34C-49B4-8D6B-A60D07DECD0C}.Release|iPhoneSimulator.Deploy.0 = Release|x86
		{E5DFDE63-B34C-49B4-8D6B-A60D07DECD0C}.Release|x64.ActiveCfg = Release|x64
		{E5DFDE63-B34C-49B4-8D6B-A60D07DECD0C}.Release|x64.Build.0 = Release|x64
		{E5DFDE63-B34C-49B4-8D6B-A60D07DECD0C}.Release|x64.Deploy.0 = Release|x64
		{E5DFDE63-B34C-49B4-8D6B-A60D07DECD0C}.Release|x86.ActiveCfg = Release|x86
		{E5DFDE63-B34C-49B4-8D6B-A60D07DECD0C}.Release|x86.Build.0 = Release|x86
		{E5DFDE63-B34C-49B4-8D6B-A60D07DECD0C}.Release|x86.Deploy.0 = Release|x86
		{FD79F710-FA38-409F-B73F-7D1708892FFC}.Debug|Any CPU.ActiveCfg = Debug|Any CPU
		{FD79F710-FA38-409F-B73F-7D1708892FFC}.Debug|Any CPU.Build.0 = Debug|Any CPU
		{FD79F710-FA38-409F-B73F-7D1708892FFC}.Debug|Any CPU.Deploy.0 = Debug|Any CPU
		{FD79F710-FA38-409F-B73F-7D1708892FFC}.Debug|ARM.ActiveCfg = Debug|Any CPU
		{FD79F710-FA38-409F-B73F-7D1708892FFC}.Debug|ARM.Build.0 = Debug|Any CPU
		{FD79F710-FA38-409F-B73F-7D1708892FFC}.Debug|ARM.Deploy.0 = Debug|Any CPU
		{FD79F710-FA38-409F-B73F-7D1708892FFC}.Debug|iPhone.ActiveCfg = Debug|Any CPU
		{FD79F710-FA38-409F-B73F-7D1708892FFC}.Debug|iPhone.Build.0 = Debug|Any CPU
		{FD79F710-FA38-409F-B73F-7D1708892FFC}.Debug|iPhone.Deploy.0 = Debug|Any CPU
		{FD79F710-FA38-409F-B73F-7D1708892FFC}.Debug|iPhoneSimulator.ActiveCfg = Debug|Any CPU
		{FD79F710-FA38-409F-B73F-7D1708892FFC}.Debug|iPhoneSimulator.Build.0 = Debug|Any CPU
		{FD79F710-FA38-409F-B73F-7D1708892FFC}.Debug|iPhoneSimulator.Deploy.0 = Debug|Any CPU
		{FD79F710-FA38-409F-B73F-7D1708892FFC}.Debug|x64.ActiveCfg = Debug|Any CPU
		{FD79F710-FA38-409F-B73F-7D1708892FFC}.Debug|x64.Build.0 = Debug|Any CPU
		{FD79F710-FA38-409F-B73F-7D1708892FFC}.Debug|x64.Deploy.0 = Debug|Any CPU
		{FD79F710-FA38-409F-B73F-7D1708892FFC}.Debug|x86.ActiveCfg = Debug|Any CPU
		{FD79F710-FA38-409F-B73F-7D1708892FFC}.Debug|x86.Build.0 = Debug|Any CPU
		{FD79F710-FA38-409F-B73F-7D1708892FFC}.Debug|x86.Deploy.0 = Debug|Any CPU
		{FD79F710-FA38-409F-B73F-7D1708892FFC}.Release|Any CPU.ActiveCfg = Release|Any CPU
		{FD79F710-FA38-409F-B73F-7D1708892FFC}.Release|Any CPU.Build.0 = Release|Any CPU
		{FD79F710-FA38-409F-B73F-7D1708892FFC}.Release|Any CPU.Deploy.0 = Release|Any CPU
		{FD79F710-FA38-409F-B73F-7D1708892FFC}.Release|ARM.ActiveCfg = Release|Any CPU
		{FD79F710-FA38-409F-B73F-7D1708892FFC}.Release|ARM.Build.0 = Release|Any CPU
		{FD79F710-FA38-409F-B73F-7D1708892FFC}.Release|ARM.Deploy.0 = Release|Any CPU
		{FD79F710-FA38-409F-B73F-7D1708892FFC}.Release|iPhone.ActiveCfg = Release|Any CPU
		{FD79F710-FA38-409F-B73F-7D1708892FFC}.Release|iPhone.Build.0 = Release|Any CPU
		{FD79F710-FA38-409F-B73F-7D1708892FFC}.Release|iPhone.Deploy.0 = Release|Any CPU
		{FD79F710-FA38-409F-B73F-7D1708892FFC}.Release|iPhoneSimulator.ActiveCfg = Release|Any CPU
		{FD79F710-FA38-409F-B73F-7D1708892FFC}.Release|iPhoneSimulator.Build.0 = Release|Any CPU
		{FD79F710-FA38-409F-B73F-7D1708892FFC}.Release|iPhoneSimulator.Deploy.0 = Release|Any CPU
		{FD79F710-FA38-409F-B73F-7D1708892FFC}.Release|x64.ActiveCfg = Release|Any CPU
		{FD79F710-FA38-409F-B73F-7D1708892FFC}.Release|x64.Build.0 = Release|Any CPU
		{FD79F710-FA38-409F-B73F-7D1708892FFC}.Release|x64.Deploy.0 = Release|Any CPU
		{FD79F710-FA38-409F-B73F-7D1708892FFC}.Release|x86.ActiveCfg = Release|Any CPU
		{FD79F710-FA38-409F-B73F-7D1708892FFC}.Release|x86.Build.0 = Release|Any CPU
		{FD79F710-FA38-409F-B73F-7D1708892FFC}.Release|x86.Deploy.0 = Release|Any CPU
		{92EA2711-EB6D-41FF-9344-3DEC897DBF72}.Debug|Any CPU.ActiveCfg = Debug|iPhoneSimulator
		{92EA2711-EB6D-41FF-9344-3DEC897DBF72}.Debug|Any CPU.Build.0 = Debug|iPhoneSimulator
		{92EA2711-EB6D-41FF-9344-3DEC897DBF72}.Debug|Any CPU.Deploy.0 = Debug|iPhoneSimulator
		{92EA2711-EB6D-41FF-9344-3DEC897DBF72}.Debug|ARM.ActiveCfg = Debug|iPhone
		{92EA2711-EB6D-41FF-9344-3DEC897DBF72}.Debug|ARM.Build.0 = Debug|iPhone
		{92EA2711-EB6D-41FF-9344-3DEC897DBF72}.Debug|ARM.Deploy.0 = Debug|iPhone
		{92EA2711-EB6D-41FF-9344-3DEC897DBF72}.Debug|iPhone.ActiveCfg = Debug|iPhone
		{92EA2711-EB6D-41FF-9344-3DEC897DBF72}.Debug|iPhone.Build.0 = Debug|iPhone
		{92EA2711-EB6D-41FF-9344-3DEC897DBF72}.Debug|iPhone.Deploy.0 = Debug|iPhone
		{92EA2711-EB6D-41FF-9344-3DEC897DBF72}.Debug|iPhoneSimulator.ActiveCfg = Debug|iPhoneSimulator
		{92EA2711-EB6D-41FF-9344-3DEC897DBF72}.Debug|iPhoneSimulator.Build.0 = Debug|iPhoneSimulator
		{92EA2711-EB6D-41FF-9344-3DEC897DBF72}.Debug|iPhoneSimulator.Deploy.0 = Debug|iPhoneSimulator
		{92EA2711-EB6D-41FF-9344-3DEC897DBF72}.Debug|x64.ActiveCfg = Debug|iPhoneSimulator
		{92EA2711-EB6D-41FF-9344-3DEC897DBF72}.Debug|x64.Build.0 = Debug|iPhoneSimulator
		{92EA2711-EB6D-41FF-9344-3DEC897DBF72}.Debug|x64.Deploy.0 = Debug|iPhoneSimulator
		{92EA2711-EB6D-41FF-9344-3DEC897DBF72}.Debug|x86.ActiveCfg = Debug|iPhoneSimulator
		{92EA2711-EB6D-41FF-9344-3DEC897DBF72}.Debug|x86.Build.0 = Debug|iPhoneSimulator
		{92EA2711-EB6D-41FF-9344-3DEC897DBF72}.Debug|x86.Deploy.0 = Debug|iPhoneSimulator
		{92EA2711-EB6D-41FF-9344-3DEC897DBF72}.Release|Any CPU.ActiveCfg = Release|iPhoneSimulator
		{92EA2711-EB6D-41FF-9344-3DEC897DBF72}.Release|Any CPU.Build.0 = Release|iPhoneSimulator
		{92EA2711-EB6D-41FF-9344-3DEC897DBF72}.Release|Any CPU.Deploy.0 = Release|iPhoneSimulator
		{92EA2711-EB6D-41FF-9344-3DEC897DBF72}.Release|ARM.ActiveCfg = Release|iPhoneSimulator
		{92EA2711-EB6D-41FF-9344-3DEC897DBF72}.Release|ARM.Build.0 = Release|iPhoneSimulator
		{92EA2711-EB6D-41FF-9344-3DEC897DBF72}.Release|ARM.Deploy.0 = Release|iPhoneSimulator
		{92EA2711-EB6D-41FF-9344-3DEC897DBF72}.Release|iPhone.ActiveCfg = Release|iPhone
		{92EA2711-EB6D-41FF-9344-3DEC897DBF72}.Release|iPhone.Build.0 = Release|iPhone
		{92EA2711-EB6D-41FF-9344-3DEC897DBF72}.Release|iPhone.Deploy.0 = Release|iPhone
		{92EA2711-EB6D-41FF-9344-3DEC897DBF72}.Release|iPhoneSimulator.ActiveCfg = Release|iPhoneSimulator
		{92EA2711-EB6D-41FF-9344-3DEC897DBF72}.Release|iPhoneSimulator.Build.0 = Release|iPhoneSimulator
		{92EA2711-EB6D-41FF-9344-3DEC897DBF72}.Release|iPhoneSimulator.Deploy.0 = Release|iPhoneSimulator
		{92EA2711-EB6D-41FF-9344-3DEC897DBF72}.Release|x64.ActiveCfg = Release|iPhoneSimulator
		{92EA2711-EB6D-41FF-9344-3DEC897DBF72}.Release|x64.Build.0 = Release|iPhoneSimulator
		{92EA2711-EB6D-41FF-9344-3DEC897DBF72}.Release|x64.Deploy.0 = Release|iPhoneSimulator
		{92EA2711-EB6D-41FF-9344-3DEC897DBF72}.Release|x86.ActiveCfg = Release|iPhoneSimulator
		{92EA2711-EB6D-41FF-9344-3DEC897DBF72}.Release|x86.Build.0 = Release|iPhoneSimulator
		{92EA2711-EB6D-41FF-9344-3DEC897DBF72}.Release|x86.Deploy.0 = Release|iPhoneSimulator
		{69BB7E7A-22FF-4CD4-B804-636AFA43F89C}.Debug|Any CPU.ActiveCfg = Debug|Any CPU
		{69BB7E7A-22FF-4CD4-B804-636AFA43F89C}.Debug|Any CPU.Build.0 = Debug|Any CPU
		{69BB7E7A-22FF-4CD4-B804-636AFA43F89C}.Debug|Any CPU.Deploy.0 = Debug|Any CPU
		{69BB7E7A-22FF-4CD4-B804-636AFA43F89C}.Debug|ARM.ActiveCfg = Debug|Any CPU
		{69BB7E7A-22FF-4CD4-B804-636AFA43F89C}.Debug|ARM.Build.0 = Debug|Any CPU
		{69BB7E7A-22FF-4CD4-B804-636AFA43F89C}.Debug|ARM.Deploy.0 = Debug|Any CPU
		{69BB7E7A-22FF-4CD4-B804-636AFA43F89C}.Debug|iPhone.ActiveCfg = Debug|Any CPU
		{69BB7E7A-22FF-4CD4-B804-636AFA43F89C}.Debug|iPhone.Build.0 = Debug|Any CPU
		{69BB7E7A-22FF-4CD4-B804-636AFA43F89C}.Debug|iPhone.Deploy.0 = Debug|Any CPU
		{69BB7E7A-22FF-4CD4-B804-636AFA43F89C}.Debug|iPhoneSimulator.ActiveCfg = Debug|Any CPU
		{69BB7E7A-22FF-4CD4-B804-636AFA43F89C}.Debug|iPhoneSimulator.Build.0 = Debug|Any CPU
		{69BB7E7A-22FF-4CD4-B804-636AFA43F89C}.Debug|iPhoneSimulator.Deploy.0 = Debug|Any CPU
		{69BB7E7A-22FF-4CD4-B804-636AFA43F89C}.Debug|x64.ActiveCfg = Debug|Any CPU
		{69BB7E7A-22FF-4CD4-B804-636AFA43F89C}.Debug|x64.Build.0 = Debug|Any CPU
		{69BB7E7A-22FF-4CD4-B804-636AFA43F89C}.Debug|x64.Deploy.0 = Debug|Any CPU
		{69BB7E7A-22FF-4CD4-B804-636AFA43F89C}.Debug|x86.ActiveCfg = Debug|Any CPU
		{69BB7E7A-22FF-4CD4-B804-636AFA43F89C}.Debug|x86.Build.0 = Debug|Any CPU
		{69BB7E7A-22FF-4CD4-B804-636AFA43F89C}.Debug|x86.Deploy.0 = Debug|Any CPU
		{69BB7E7A-22FF-4CD4-B804-636AFA43F89C}.Release|Any CPU.ActiveCfg = Release|Any CPU
		{69BB7E7A-22FF-4CD4-B804-636AFA43F89C}.Release|Any CPU.Build.0 = Release|Any CPU
		{69BB7E7A-22FF-4CD4-B804-636AFA43F89C}.Release|Any CPU.Deploy.0 = Release|Any CPU
		{69BB7E7A-22FF-4CD4-B804-636AFA43F89C}.Release|ARM.ActiveCfg = Release|Any CPU
		{69BB7E7A-22FF-4CD4-B804-636AFA43F89C}.Release|ARM.Build.0 = Release|Any CPU
		{69BB7E7A-22FF-4CD4-B804-636AFA43F89C}.Release|ARM.Deploy.0 = Release|Any CPU
		{69BB7E7A-22FF-4CD4-B804-636AFA43F89C}.Release|iPhone.ActiveCfg = Release|Any CPU
		{69BB7E7A-22FF-4CD4-B804-636AFA43F89C}.Release|iPhone.Build.0 = Release|Any CPU
		{69BB7E7A-22FF-4CD4-B804-636AFA43F89C}.Release|iPhone.Deploy.0 = Release|Any CPU
		{69BB7E7A-22FF-4CD4-B804-636AFA43F89C}.Release|iPhoneSimulator.ActiveCfg = Release|Any CPU
		{69BB7E7A-22FF-4CD4-B804-636AFA43F89C}.Release|iPhoneSimulator.Build.0 = Release|Any CPU
		{69BB7E7A-22FF-4CD4-B804-636AFA43F89C}.Release|iPhoneSimulator.Deploy.0 = Release|Any CPU
		{69BB7E7A-22FF-4CD4-B804-636AFA43F89C}.Release|x64.ActiveCfg = Release|Any CPU
		{69BB7E7A-22FF-4CD4-B804-636AFA43F89C}.Release|x64.Build.0 = Release|Any CPU
		{69BB7E7A-22FF-4CD4-B804-636AFA43F89C}.Release|x64.Deploy.0 = Release|Any CPU
		{69BB7E7A-22FF-4CD4-B804-636AFA43F89C}.Release|x86.ActiveCfg = Release|Any CPU
		{69BB7E7A-22FF-4CD4-B804-636AFA43F89C}.Release|x86.Build.0 = Release|Any CPU
		{69BB7E7A-22FF-4CD4-B804-636AFA43F89C}.Release|x86.Deploy.0 = Release|Any CPU
	EndGlobalSection
	GlobalSection(SolutionProperties) = preSolution
		HideSolutionNode = FALSE
	EndGlobalSection
	GlobalSection(ExtensibilityGlobals) = postSolution
		SolutionGuid = {D6C58D58-8BAF-4EFA-9165-CB2A1CF7A5A7}
	EndGlobalSection
EndGlobal
